lockfileVersion: '6.1'

importers:

  .:
    devDependencies:
      '@holochain-playground/cli':
        specifier: ^0.1.1
        version: 0.1.1
      '@types/svelte-leafletjs':
        specifier: ^0.8.3
        version: 0.8.3
      concurrently:
        specifier: ^6.2.1
        version: 6.5.1
      rimraf:
        specifier: ^3.0.2
        version: 3.0.2

  tests:
    dependencies:
      '@holochain/client':
        specifier: ^0.12.2
        version: 0.12.5(ws@8.13.0)
      '@holochain/tryorama':
        specifier: ^0.11.0
        version: 0.11.2
      '@msgpack/msgpack':
        specifier: ^2.7.0
        version: 2.8.0
      typescript:
        specifier: ^5.0.0
        version: 5.0.4
      vitest:
        specifier: ^0.28.4
        version: 0.28.5

  ui:
    dependencies:
      '@apollo/client':
        specifier: ^3.7.14
        version: 3.7.15(graphql@15.8.0)
      '@holochain/client':
        specifier: ^0.12.2
        version: 0.12.5(ws@8.13.0)
      '@msgpack/msgpack':
        specifier: ^2.7.2
        version: 2.8.0
      '@tailwindcss/forms':
        specifier: ^0.5.3
        version: 0.5.3(tailwindcss@3.3.2)
      '@vaadin/date-time-picker':
        specifier: ^23.3.13
        version: 23.3.14
      '@valueflows/vf-graphql':
        specifier: ^0.9.0-alpha.9
        version: 0.9.0-alpha.9(graphql@15.8.0)
      '@valueflows/vf-graphql-holochain':
        specifier: ^0.0.1-alpha.22
        version: 0.0.1-alpha.22(graphql@15.8.0)(ws@8.13.0)
      '@vf-ui/graphql-client-holochain':
        specifier: ^0.0.1-alpha.22
        version: 0.0.1-alpha.22(@apollo/client@3.7.15)(graphql@15.8.0)(ws@8.13.0)
      date-picker-svelte:
        specifier: ^2.4.3
        version: 2.4.3(svelte@3.59.1)
      dayjs:
        specifier: ^1.11.9
        version: 1.11.9
      graphql:
        specifier: ^15.8.0
        version: 15.8.0
      graphql-tag:
        specifier: ^2.12.6
        version: 2.12.6(graphql@15.8.0)
      leaflet:
        specifier: ^1.9.3
        version: 1.9.3
      svelte-apollo:
        specifier: ^0.5.0
        version: 0.5.0(@apollo/client@3.7.15)(graphql@15.8.0)(svelte@3.59.1)
      svelte-leafletjs:
        specifier: ^0.10.0
        version: 0.10.0
      ws:
        specifier: ^8.13.0
        version: 8.13.0
    devDependencies:
      '@rollup/plugin-replace':
        specifier: ^4.0.0
        version: 4.0.0(rollup@2.79.1)
      '@sveltejs/adapter-static':
        specifier: ^2.0.1
        version: 2.0.2(@sveltejs/kit@1.20.0)
      '@sveltejs/kit':
        specifier: ^1.16.3
        version: 1.20.0(svelte@3.59.1)(vite@4.3.9)
      '@sveltejs/vite-plugin-svelte':
        specifier: ^2.2.0
        version: 2.4.1(svelte@3.59.1)(vite@4.3.9)
      '@tsconfig/svelte':
        specifier: ^3.0.0
        version: 3.0.0
      '@typescript-eslint/eslint-plugin':
        specifier: ^5.59.5
        version: 5.59.8(@typescript-eslint/parser@5.59.8)(eslint@8.41.0)(typescript@5.0.4)
      '@typescript-eslint/parser':
        specifier: ^5.59.5
        version: 5.59.8(eslint@8.41.0)(typescript@5.0.4)
      '@vf-ui/graphql-client-mock':
        specifier: ^0.0.9
        version: 0.0.9(graphql@15.8.0)
      autoprefixer:
        specifier: ^10.4.14
        version: 10.4.14(postcss@8.4.23)
      bestzip:
        specifier: ^2.2.0
        version: 2.2.1
      cssnano:
        specifier: ^6.0.0
        version: 6.0.1(postcss@8.4.23)
      decimal.js:
        specifier: ^10.4.3
        version: 10.4.3
      eslint:
        specifier: ^8.40.0
        version: 8.41.0
      eslint-plugin-svelte3:
        specifier: ^4.0.0
        version: 4.0.0(eslint@8.41.0)(svelte@3.59.1)
      lint-staged:
        specifier: ^13.2.0
        version: 13.2.2
      postcss:
        specifier: ^8.4.23
        version: 8.4.23
      postcss-import:
        specifier: ^15.1.0
        version: 15.1.0(postcss@8.4.23)
      postcss-load-config:
        specifier: ^4.0.1
        version: 4.0.1(postcss@8.4.23)
      postcss-preset-env:
        specifier: ^8.3.0
        version: 8.3.2(postcss@8.4.23)
      prettier:
        specifier: ^2.8.7
        version: 2.8.8
      prettier-plugin-svelte:
        specifier: ^2.10.0
        version: 2.10.0(prettier@2.8.8)(svelte@3.59.1)
      svelte:
        specifier: ^3.59.1
        version: 3.59.1
      svelte-check:
        specifier: ^3.3.2
        version: 3.4.3(postcss-load-config@4.0.1)(postcss@8.4.23)(svelte@3.59.1)
      tailwindcss:
        specifier: ^3.3.2
        version: 3.3.2
      tslib:
        specifier: ^2.4.1
        version: 2.5.0
      typescript:
        specifier: ^5.0.0
        version: 5.0.4
      vite:
        specifier: ^4.3.5
        version: 4.3.9(@types/node@18.16.3)
      vitest:
        specifier: ^0.25.3
        version: 0.25.8

settings:
  autoInstallPeers: true
  excludeLinksFromLockfile: false
